
Microsoft Visual Studio Solution File, Format Version 12.00
# Visual Studio Version 17
VisualStudioVersion = 17.6.33723.286
MinimumVisualStudioVersion = 10.0.40219.1
Project("{FAE04EC0-301F-11D3-BF4B-00C04F79EFBC}") = "UnitTestingConsole", "UnitTestingConsole\UnitTestingConsole.csproj", "{E5988388-16E3-4D05-91F2-3EFFA1A4F51B}"
EndProject
Project("{FAE04EC0-301F-11D3-BF4B-00C04F79EFBC}") = "UnitTestingTest.Tests", "UnitTestingTest.Tests\UnitTestingTest.Tests.csproj", "{BFDE1A33-0DA3-4474-B9F3-ED516989DAAA}"
EndProject
Global
	GlobalSection(SolutionConfigurationPlatforms) = preSolution
		Debug|Any CPU = Debug|Any CPU
		Release|Any CPU = Release|Any CPU
	EndGlobalSection
	GlobalSection(ProjectConfigurationPlatforms) = postSolution
		{E5988388-16E3-4D05-91F2-3EFFA1A4F51B}.Debug|Any CPU.ActiveCfg = Debug|Any CPU
		{E5988388-16E3-4D05-91F2-3EFFA1A4F51B}.Debug|Any CPU.Build.0 = Debug|Any CPU
		{E5988388-16E3-4D05-91F2-3EFFA1A4F51B}.Release|Any CPU.ActiveCfg = Release|Any CPU
		{E5988388-16E3-4D05-91F2-3EFFA1A4F51B}.Release|Any CPU.Build.0 = Release|Any CPU
		{BFDE1A33-0DA3-4474-B9F3-ED516989DAAA}.Debug|Any CPU.ActiveCfg = Debug|Any CPU
		{BFDE1A33-0DA3-4474-B9F3-ED516989DAAA}.Debug|Any CPU.Build.0 = Debug|Any CPU
		{BFDE1A33-0DA3-4474-B9F3-ED516989DAAA}.Release|Any CPU.ActiveCfg = Release|Any CPU
		{BFDE1A33-0DA3-4474-B9F3-ED516989DAAA}.Release|Any CPU.Build.0 = Release|Any CPU
	EndGlobalSection
	GlobalSection(SolutionProperties) = preSolution
		HideSolutionNode = FALSE
	EndGlobalSection
	GlobalSection(ExtensibilityGlobals) = postSolution
		SolutionGuid = {FC21980F-B00A-4297-93E6-A22A5CDBA1AC}
	EndGlobalSection
EndGlobal
