
Microsoft Visual Studio Solution File, Format Version 12.00
# Visual Studio Version 17
VisualStudioVersion = 17.6.33723.286
MinimumVisualStudioVersion = 10.0.40219.1
Project("{FAE04EC0-301F-11D3-BF4B-00C04F79EFBC}") = "UnitTestingMVC", "UnitTestingMVC\UnitTestingMVC.csproj", "{D3B42C6F-C17B-4552-A888-1B3288BA465C}"
EndProject
Global
	GlobalSection(SolutionConfigurationPlatforms) = preSolution
		Debug|Any CPU = Debug|Any CPU
		Release|Any CPU = Release|Any CPU
	EndGlobalSection
	GlobalSection(ProjectConfigurationPlatforms) = postSolution
		{D3B42C6F-C17B-4552-A888-1B3288BA465C}.Debug|Any CPU.ActiveCfg = Debug|Any CPU
		{D3B42C6F-C17B-4552-A888-1B3288BA465C}.Debug|Any CPU.Build.0 = Debug|Any CPU
		{D3B42C6F-C17B-4552-A888-1B3288BA465C}.Release|Any CPU.ActiveCfg = Release|Any CPU
		{D3B42C6F-C17B-4552-A888-1B3288BA465C}.Release|Any CPU.Build.0 = Release|Any CPU
	EndGlobalSection
	GlobalSection(SolutionProperties) = preSolution
		HideSolutionNode = FALSE
	EndGlobalSection
	GlobalSection(ExtensibilityGlobals) = postSolution
		SolutionGuid = {A38DF83A-24E0-44B4-B680-65A9E02FE6B1}
	EndGlobalSection
EndGlobal
